
Microsoft Visual Studio Solution File, Format Version 12.00
# Visual Studio Version 17
VisualStudioVersion = 17.7.34024.191
MinimumVisualStudioVersion = 10.0.40219.1
Project("{2150E333-8FDC-42A3-9474-1A3956D46DE8}") = "src", "src", "{A15B3CF4-1930-4FAB-9B75-74C70FE30EB5}"
EndProject
Project("{2150E333-8FDC-42A3-9474-1A3956D46DE8}") = "Solution Items", "Solution Items", "{6DC38CD7-36B6-45C2-8D6A-8CBAA2149622}"
	ProjectSection(SolutionItems) = preProject
		.gitignore = .gitignore
		..\README.md = ..\README.md
	EndProjectSection
EndProject
Project("{FAE04EC0-301F-11D3-BF4B-00C04F79EFBC}") = "Web", "Web\Web.csproj", "{BB9E6E7C-3F5B-4F87-8BB7-4EDFD6ED1DF3}"
EndProject
Project("{FAE04EC0-301F-11D3-BF4B-00C04F79EFBC}") = "infrastructure", "infrastructure\infrastructure.csproj", "{A76DF41F-EA48-4A20-A139-72F53B625CA8}"
EndProject
Project("{FAE04EC0-301F-11D3-BF4B-00C04F79EFBC}") = "Domain", "Domain\Domain.csproj", "{3233A4F5-35D7-448D-9E28-A15606E45D72}"
EndProject
Project("{FAE04EC0-301F-11D3-BF4B-00C04F79EFBC}") = "Application", "Application\Application.csproj", "{1E6685CE-5543-4FD8-B6AE-04ABF4565D90}"
EndProject
Global
	GlobalSection(SolutionConfigurationPlatforms) = preSolution
		Debug|Any CPU = Debug|Any CPU
		Release|Any CPU = Release|Any CPU
	EndGlobalSection
	GlobalSection(ProjectConfigurationPlatforms) = postSolution
		{BB9E6E7C-3F5B-4F87-8BB7-4EDFD6ED1DF3}.Debug|Any CPU.ActiveCfg = Debug|Any CPU
		{BB9E6E7C-3F5B-4F87-8BB7-4EDFD6ED1DF3}.Debug|Any CPU.Build.0 = Debug|Any CPU
		{BB9E6E7C-3F5B-4F87-8BB7-4EDFD6ED1DF3}.Release|Any CPU.ActiveCfg = Release|Any CPU
		{BB9E6E7C-3F5B-4F87-8BB7-4EDFD6ED1DF3}.Release|Any CPU.Build.0 = Release|Any CPU
		{A76DF41F-EA48-4A20-A139-72F53B625CA8}.Debug|Any CPU.ActiveCfg = Debug|Any CPU
		{A76DF41F-EA48-4A20-A139-72F53B625CA8}.Debug|Any CPU.Build.0 = Debug|Any CPU
		{A76DF41F-EA48-4A20-A139-72F53B625CA8}.Release|Any CPU.ActiveCfg = Release|Any CPU
		{A76DF41F-EA48-4A20-A139-72F53B625CA8}.Release|Any CPU.Build.0 = Release|Any CPU
		{3233A4F5-35D7-448D-9E28-A15606E45D72}.Debug|Any CPU.ActiveCfg = Debug|Any CPU
		{3233A4F5-35D7-448D-9E28-A15606E45D72}.Debug|Any CPU.Build.0 = Debug|Any CPU
		{3233A4F5-35D7-448D-9E28-A15606E45D72}.Release|Any CPU.ActiveCfg = Release|Any CPU
		{3233A4F5-35D7-448D-9E28-A15606E45D72}.Release|Any CPU.Build.0 = Release|Any CPU
		{1E6685CE-5543-4FD8-B6AE-04ABF4565D90}.Debug|Any CPU.ActiveCfg = Debug|Any CPU
		{1E6685CE-5543-4FD8-B6AE-04ABF4565D90}.Debug|Any CPU.Build.0 = Debug|Any CPU
		{1E6685CE-5543-4FD8-B6AE-04ABF4565D90}.Release|Any CPU.ActiveCfg = Release|Any CPU
		{1E6685CE-5543-4FD8-B6AE-04ABF4565D90}.Release|Any CPU.Build.0 = Release|Any CPU
	EndGlobalSection
	GlobalSection(SolutionProperties) = preSolution
		HideSolutionNode = FALSE
	EndGlobalSection
	GlobalSection(NestedProjects) = preSolution
		{BB9E6E7C-3F5B-4F87-8BB7-4EDFD6ED1DF3} = {A15B3CF4-1930-4FAB-9B75-74C70FE30EB5}
		{A76DF41F-EA48-4A20-A139-72F53B625CA8} = {A15B3CF4-1930-4FAB-9B75-74C70FE30EB5}
		{3233A4F5-35D7-448D-9E28-A15606E45D72} = {A15B3CF4-1930-4FAB-9B75-74C70FE30EB5}
		{1E6685CE-5543-4FD8-B6AE-04ABF4565D90} = {A15B3CF4-1930-4FAB-9B75-74C70FE30EB5}
	EndGlobalSection
	GlobalSection(ExtensibilityGlobals) = postSolution
		SolutionGuid = {1E8BDA48-02AD-4047-B07E-659E2DA68C5B}
	EndGlobalSection
EndGlobal
